
Microsoft Visual Studio Solution File, Format Version 12.00
# Visual Studio Version 16
VisualStudioVersion = 16.0.29905.134
MinimumVisualStudioVersion = 10.0.40219.1
Project("{FAE04EC0-301F-11D3-BF4B-00C04F79EFBC}") = "PatientManagement.Data", "PatientManagement.Data\PatientManagement.Data.csproj", "{B97029EB-4F85-433A-A7E8-25B96A8DD164}"
EndProject
Project("{FAE04EC0-301F-11D3-BF4B-00C04F79EFBC}") = "PatientManagement.Web", "PatientManagement.Web\PatientManagement.Web.csproj", "{140CC0DC-7143-4EBA-AF65-BAE9BAB76538}"
EndProject
Global
	GlobalSection(SolutionConfigurationPlatforms) = preSolution
		Debug|Any CPU = Debug|Any CPU
		Release|Any CPU = Release|Any CPU
	EndGlobalSection
	GlobalSection(ProjectConfigurationPlatforms) = postSolution
		{B97029EB-4F85-433A-A7E8-25B96A8DD164}.Debug|Any CPU.ActiveCfg = Debug|Any CPU
		{B97029EB-4F85-433A-A7E8-25B96A8DD164}.Debug|Any CPU.Build.0 = Debug|Any CPU
		{B97029EB-4F85-433A-A7E8-25B96A8DD164}.Release|Any CPU.ActiveCfg = Release|Any CPU
		{B97029EB-4F85-433A-A7E8-25B96A8DD164}.Release|Any CPU.Build.0 = Release|Any CPU
		{140CC0DC-7143-4EBA-AF65-BAE9BAB76538}.Debug|Any CPU.ActiveCfg = Debug|Any CPU
		{140CC0DC-7143-4EBA-AF65-BAE9BAB76538}.Debug|Any CPU.Build.0 = Debug|Any CPU
		{140CC0DC-7143-4EBA-AF65-BAE9BAB76538}.Release|Any CPU.ActiveCfg = Release|Any CPU
		{140CC0DC-7143-4EBA-AF65-BAE9BAB76538}.Release|Any CPU.Build.0 = Release|Any CPU
	EndGlobalSection
	GlobalSection(SolutionProperties) = preSolution
		HideSolutionNode = FALSE
	EndGlobalSection
	GlobalSection(ExtensibilityGlobals) = postSolution
		SolutionGuid = {68D92306-4DB1-4DDC-815A-BF95DA5D0313}
	EndGlobalSection
EndGlobal
